{
	"name": "server",
	"version": "1.0.0",
	"lockfileVersion": 3,
	"requires": true,
	"packages": {
		"": {
			"name": "server",
			"version": "1.0.0",
			"dependencies": {
				"language": "file:../language",
				"vscode-languageserver": "^10.1.2",
				"vscode-languageserver-textdocument": "^1.0.15"
			},
			"devDependencies": {
				"@halcyontech/vscode-ibmi-types": "^3.0.13",
				"@types/vscode": "^1.50.0"
			},
			"engines": {
				"node": "*"
			}
		},
		"../language": {
			"name": "clle-language",
			"version": "1.0.0",
			"devDependencies": {
				"@types/node": "^22.x",
				"typescript": "^6.0.3",
				"vitest": "^4.1.8"
			}
		},
		"node_modules/@halcyontech/vscode-ibmi-types": {
			"version": "3.0.13",
			"resolved": "https://registry.npmjs.org/@halcyontech/vscode-ibmi-types/-/vscode-ibmi-types-3.0.13.tgz",
			"integrity": "sha512-Cvfu619+MGLnclROuZa9HWIOzf6Ik/oM7toNkd+j9ACEms7QXOHXXmb46N/irNxyF85CxchQT/Lg6+axg7zGdQ==",
			"dev": true,
			"license": "ISC"
		},
		"node_modules/@types/vscode": {
			"version": "1.120.0",
			"resolved": "https://registry.npmjs.org/@types/vscode/-/vscode-1.120.0.tgz",
			"integrity": "sha512-feaT4Rst+FkTch5zz/ZbNCxoIvo55YU80Be2kiL7OJcod4+CUYf2lUBPdIJzozNnSEMq1VRTGrWEcCGFB3fBmA==",
			"dev": true,
			"license": "MIT"
		},
		"node_modules/language": {
			"resolved": "../language",
			"link": true
		},
		"node_modules/vscode-jsonrpc": {
			"version": "9.0.3",
			"resolved": "https://registry.npmjs.org/vscode-jsonrpc/-/vscode-jsonrpc-9.0.3.tgz",
			"integrity": "sha512-qETYf9PCl1lVfwR+oBmMfc4vP2nqLNA35ABxorw3j06+xlKRgDVxbLgKm4Y/xPL0YWdeDjLoI4ImICIT3nB0zQ==",
			"license": "MIT",
			"engines": {
				"node": ">=14.0.0"
			}
		},
		"node_modules/vscode-languageserver": {
			"version": "10.1.2",
			"resolved": "https://registry.npmjs.org/vscode-languageserver/-/vscode-languageserver-10.1.2.tgz",
			"integrity": "sha512-pXPWde3RytdeBVEs6PulOOT5OpeXC5GkWRpcT11f5rNn41jviQsAYPyAqJ/0oVGETQLKPJtYbHNiMPlfLb0NTQ==",
			"license": "MIT",
			"dependencies": {
				"vscode-languageserver-protocol": "3.18.4"
			},
			"bin": {
				"installServerIntoExtension": "bin/installServerIntoExtension"
			}
		},
		"node_modules/vscode-languageserver-protocol": {
			"version": "3.18.4",
			"resolved": "https://registry.npmjs.org/vscode-languageserver-protocol/-/vscode-languageserver-protocol-3.18.4.tgz",
			"integrity": "sha512-CCXbyr99dafRJzJH/0Ryk7ly5T8XPmSR0//OuF2w4m+9JiOin7zcAT5iET8GRE7Z9taFBejb3GbM0a0mbjdbrg==",
			"license": "MIT",
			"dependencies": {
				"vscode-jsonrpc": "9.0.3",
				"vscode-languageserver-types": "3.18.4"
			}
		},
		"node_modules/vscode-languageserver-textdocument": {
			"version": "1.0.15",
			"resolved": "https://registry.npmjs.org/vscode-languageserver-textdocument/-/vscode-languageserver-textdocument-1.0.15.tgz",
			"integrity": "sha512-Gsfr9S8LU3S6885cS+NaleasJ0n3V5y/SOTqHCifQiXWFw3G9w9/YItDfwHrlCz+dSZWWZ8ilYVMcJe7Sz7Sxw==",
			"license": "MIT"
		},
		"node_modules/vscode-languageserver-types": {
			"version": "3.18.4",
			"resolved": "https://registry.npmjs.org/vscode-languageserver-types/-/vscode-languageserver-types-3.18.4.tgz",
			"integrity": "sha512-nQsacoiijvl0fRf2q28uFDrAVwRhdCa3QveiF7/CX0r18mLR5FU/1WskSsCKOjmEbtteKUnY8x8Yzxop+k0zwg==",
			"license": "MIT"
		}
	}
}
